{
  "name": "@unumux/theme-coloniallife-default",
  "version": "0.2.11",
  "lockfileVersion": 1,
  "dependencies": {
    "@unumux/willow": {
      "version": "0.1.18",
      "dependencies": {
        "@bahmutov/parse-github-repo-url": {},
        "@semantic-release/commit-analyzer": {},
        "@semantic-release/condition-travis": {},
        "@semantic-release/error": {},
        "@semantic-release/last-release-npm": {
          "dependencies": {
            "are-we-there-yet": {},
            "gauge": {},
            "npmlog": {}
          }
        },
        "@semantic-release/release-notes-generator": {},
        "@unumux/eslint-config-unumux": {
          "dependencies": {
            "babel-eslint": {},
            "eslint": {}
          }
        },
        "@unumux/stylelint-config-unumux": {},
        "abbrev": {},
        "accepts": {},
        "acorn": {},
        "acorn-jsx": {
          "dependencies": {
            "acorn": {}
          }
        },
        "acorn-object-spread": {
          "dependencies": {
            "acorn": {}
          }
        },
        "acorn-to-esprima": {},
        "after": {},
        "ajv": {},
        "ajv-keywords": {},
        "align-text": {},
        "amdefine": {},
        "ansi": {},
        "ansi-escapes": {},
        "ansi-regex": {},
        "ansi-styles": {},
        "anymatch": {},
        "aproba": {},
        "archy": {},
        "are-we-there-yet": {},
        "argparse": {},
        "arr-diff": {},
        "arr-filter": {},
        "arr-flatten": {},
        "arr-map": {},
        "array-differ": {},
        "array-each": {},
        "array-find-index": {},
        "array-initial": {
          "dependencies": {
            "is-number": {}
          }
        },
        "array-last": {
          "dependencies": {
            "is-number": {}
          }
        },
        "array-slice": {},
        "array-union": {},
        "array-uniq": {},
        "array-unique": {},
        "arraybuffer.slice": {},
        "arrify": {},
        "asap": {},
        "asn1": {},
        "assert-plus": {},
        "async": {},
        "async-done": {},
        "async-each": {},
        "async-each-series": {},
        "async-foreach": {},
        "async-settle": {},
        "asynckit": {},
        "autoprefixer": {},
        "aws-sign2": {},
        "aws4": {},
        "babel-code-frame": {},
        "babel-core": {},
        "babel-eslint": {
          "dependencies": {
            "lodash.assign": {},
            "lodash.pick": {}
          }
        },
        "babel-generator": {
          "dependencies": {
            "jsesc": {}
          }
        },
        "babel-helper-call-delegate": {},
        "babel-helper-define-map": {},
        "babel-helper-function-name": {},
        "babel-helper-get-function-arity": {},
        "babel-helper-hoist-variables": {},
        "babel-helper-optimise-call-expression": {},
        "babel-helper-regex": {},
        "babel-helper-replace-supers": {},
        "babel-helpers": {},
        "babel-messages": {},
        "babel-plugin-check-es2015-constants": {},
        "babel-plugin-transform-es2015-arrow-functions": {},
        "babel-plugin-transform-es2015-block-scoped-functions": {},
        "babel-plugin-transform-es2015-block-scoping": {},
        "babel-plugin-transform-es2015-classes": {},
        "babel-plugin-transform-es2015-computed-properties": {},
        "babel-plugin-transform-es2015-destructuring": {},
        "babel-plugin-transform-es2015-duplicate-keys": {},
        "babel-plugin-transform-es2015-for-of": {},
        "babel-plugin-transform-es2015-function-name": {},
        "babel-plugin-transform-es2015-literals": {},
        "babel-plugin-transform-es2015-modules-amd": {},
        "babel-plugin-transform-es2015-modules-commonjs": {},
        "babel-plugin-transform-es2015-modules-systemjs": {},
        "babel-plugin-transform-es2015-modules-umd": {},
        "babel-plugin-transform-es2015-object-super": {},
        "babel-plugin-transform-es2015-parameters": {},
        "babel-plugin-transform-es2015-shorthand-properties": {},
        "babel-plugin-transform-es2015-spread": {},
        "babel-plugin-transform-es2015-sticky-regex": {},
        "babel-plugin-transform-es2015-template-literals": {},
        "babel-plugin-transform-es2015-typeof-symbol": {},
        "babel-plugin-transform-es2015-unicode-regex": {},
        "babel-plugin-transform-regenerator": {},
        "babel-plugin-transform-strict-mode": {},
        "babel-polyfill": {},
        "babel-preset-es2015": {},
        "babel-register": {},
        "babel-runtime": {},
        "babel-template": {},
        "babel-traverse": {},
        "babel-types": {},
        "babylon": {},
        "bach": {},
        "backo2": {},
        "balanced-match": {},
        "base64-arraybuffer": {},
        "base64id": {},
        "batch": {},
        "bcrypt-pbkdf": {},
        "beeper": {},
        "better-assert": {},
        "binary-extensions": {},
        "bl": {
          "dependencies": {
            "readable-stream": {}
          }
        },
        "blob": {},
        "block-stream": {},
        "bluebird": {},
        "boolbase": {},
        "boom": {},
        "bootstrap": {
          "version": "4.0.0-alpha.6",
          "bundled": true,
          "dependencies": {
            "jquery": {
              "version": "3.2.1",
              "resolved": "https://registry.npmjs.org/jquery/-/jquery-3.2.1.tgz",
              "integrity": "sha1-XE2d5lKvbNCncBVKYxu6ErAVx4c="
            },
            "tether": {
              "version": "1.4.0",
              "resolved": "https://registry.npmjs.org/tether/-/tether-1.4.0.tgz",
              "integrity": "sha1-D5+hcfdb9YSF2BSelHmdeudNHBo="
            }
          }
        },
        "brace-expansion": {},
        "braces": {},
        "browser-sync": {},
        "browser-sync-client": {},
        "browser-sync-ui": {},
        "browserslist": {},
        "bs-recipes": {},
        "buble": {
          "dependencies": {
            "acorn": {},
            "minimist": {}
          }
        },
        "bubleify": {},
        "buffer-shims": {},
        "builtin-modules": {},
        "cachedir": {},
        "caller-path": {},
        "callsite": {},
        "callsites": {},
        "camelcase": {},
        "camelcase-keys": {
          "dependencies": {
            "camelcase": {}
          }
        },
        "caniuse-db": {},
        "caseless": {},
        "center-align": {},
        "chalk": {},
        "cheerio": {},
        "chokidar": {},
        "circular-json": {},
        "cli-cursor": {},
        "cli-width": {},
        "cliui": {},
        "clone": {},
        "clone-regexp": {},
        "clone-stats": {},
        "co": {},
        "code-point-at": {},
        "collection-map": {
          "dependencies": {
            "make-iterator": {}
          }
        },
        "color-diff": {},
        "colorguard": {
          "dependencies": {
            "yargs": {}
          }
        },
        "combined-stream": {},
        "commander": {},
        "commitizen": {
          "dependencies": {
            "inquirer": {},
            "lodash": {},
            "minimist": {},
            "mute-stream": {},
            "run-async": {},
            "shelljs": {},
            "strip-json-comments": {}
          }
        },
        "component-bind": {},
        "component-emitter": {},
        "component-inherit": {},
        "concat-map": {},
        "concat-stream": {},
        "config-chain": {},
        "connect": {
          "dependencies": {
            "debug": {},
            "ms": {}
          }
        },
        "connect-history-api-fallback": {},
        "console-control-strings": {},
        "conventional-changelog": {
          "dependencies": {
            "dateformat": {},
            "lodash": {},
            "normalize-package-data": {},
            "semver": {}
          }
        },
        "conventional-commit-types": {},
        "convert-source-map": {},
        "cookie": {},
        "core-js": {},
        "core-util-is": {},
        "cosmiconfig": {
          "dependencies": {
            "minimist": {}
          }
        },
        "cross-spawn": {},
        "cryptiles": {},
        "css-color-names": {},
        "css-rule-stream": {
          "dependencies": {
            "isarray": {},
            "readable-stream": {},
            "through2": {}
          }
        },
        "css-select": {},
        "css-tokenize": {
          "dependencies": {
            "isarray": {},
            "readable-stream": {}
          }
        },
        "css-what": {},
        "currently-unhandled": {},
        "cz-conventional-changelog": {},
        "d": {},
        "dashdash": {
          "dependencies": {
            "assert-plus": {}
          }
        },
        "dateformat": {},
        "debug": {},
        "decamelize": {},
        "dedent": {},
        "deep-extend": {},
        "deep-is": {},
        "default-resolution": {},
        "del": {},
        "delayed-stream": {},
        "delegates": {},
        "depd": {},
        "destroy": {},
        "detect-file": {},
        "detect-indent": {},
        "dev-ip": {},
        "dezalgo": {},
        "doctrine": {},
        "doiuse": {
          "dependencies": {
            "camelcase": {},
            "isarray": {},
            "readable-stream": {},
            "source-map": {},
            "through2": {},
            "yargs": {}
          }
        },
        "dom-serializer": {
          "dependencies": {
            "domelementtype": {}
          }
        },
        "domelementtype": {},
        "domhandler": {},
        "domutils": {},
        "duplexer": {},
        "duplexer2": {
          "dependencies": {
            "isarray": {},
            "readable-stream": {}
          }
        },
        "duplexify": {
          "dependencies": {
            "end-of-stream": {},
            "once": {}
          }
        },
        "easy-extender": {
          "dependencies": {
            "lodash": {}
          }
        },
        "eazy-logger": {},
        "ecc-jsbn": {},
        "ee-first": {},
        "electron-to-chromium": {},
        "emitter-steward": {},
        "encodeurl": {},
        "end-of-stream": {},
        "engine.io": {
          "dependencies": {
            "debug": {}
          }
        },
        "engine.io-client": {
          "dependencies": {
            "component-emitter": {},
            "debug": {}
          }
        },
        "engine.io-parser": {
          "dependencies": {
            "has-binary": {},
            "isarray": {}
          }
        },
        "entities": {},
        "error-ex": {},
        "es5-ext": {},
        "es6-iterator": {},
        "es6-map": {},
        "es6-set": {},
        "es6-symbol": {},
        "es6-weak-map": {},
        "escape-html": {},
        "escape-string-regexp": {},
        "escope": {},
        "eslint": {
          "dependencies": {
            "cli-width": {},
            "doctrine": {
              "dependencies": {
                "esutils": {}
              }
            },
            "espree": {},
            "fast-levenshtein": {},
            "glob": {},
            "globals": {},
            "inquirer": {},
            "isarray": {},
            "js-yaml": {
              "dependencies": {
                "esprima": {}
              }
            },
            "levn": {},
            "lodash": {},
            "lodash.merge": {},
            "optionator": {},
            "shelljs": {},
            "wordwrap": {}
          }
        },
        "eslint-plugin-react": {},
        "espree": {},
        "esprima": {},
        "esrecurse": {
          "dependencies": {
            "estraverse": {}
          }
        },
        "estraverse": {},
        "estraverse-fb": {},
        "esutils": {},
        "etag": {},
        "event-emitter": {},
        "event-stream": {
          "dependencies": {
            "stream-combiner": {}
          }
        },
        "eventemitter3": {},
        "execall": {},
        "exit-hook": {},
        "expand-brackets": {},
        "expand-range": {},
        "expand-tilde": {},
        "express": {
          "dependencies": {
            "connect": {},
            "mkdirp": {},
            "qs": {}
          }
        },
        "extend": {},
        "extend-shallow": {},
        "external-editor": {},
        "extglob": {},
        "extsprintf": {},
        "fancy-log": {},
        "fast-levenshtein": {},
        "figures": {},
        "file-entry-cache": {},
        "filename-regex": {},
        "fill-range": {},
        "finalhandler": {
          "dependencies": {
            "debug": {},
            "ms": {}
          }
        },
        "find-node-modules": {},
        "find-root": {},
        "find-up": {},
        "findup-sync": {},
        "fined": {
          "dependencies": {
            "lodash.isplainobject": {}
          }
        },
        "first-chunk-stream": {},
        "flagged-respawn": {},
        "flat-cache": {},
        "flatten": {},
        "for-in": {},
        "for-own": {},
        "foreachasync": {},
        "forever-agent": {},
        "form-data": {},
        "formidable": {},
        "fresh": {},
        "from": {},
        "fs-exists-sync": {},
        "fs-extra": {},
        "fs.realpath": {},
        "fstream": {},
        "gather-stream": {},
        "gauge": {},
        "gaze": {},
        "generate-function": {},
        "generate-object-property": {},
        "get-caller-file": {},
        "get-stdin": {},
        "get-values": {},
        "getpass": {
          "dependencies": {
            "assert-plus": {}
          }
        },
        "git-head": {},
        "git-refs": {},
        "github": {
          "dependencies": {
            "mime": {}
          }
        },
        "github-url-from-git": {},
        "github-url-from-username-repo": {},
        "glob": {},
        "glob-base": {},
        "glob-parent": {},
        "glob-stream": {
          "dependencies": {
            "glob": {},
            "glob-parent": {},
            "is-extglob": {},
            "is-glob": {},
            "isarray": {},
            "readable-stream": {},
            "through2": {}
          }
        },
        "glob-watcher": {},
        "global-modules": {},
        "global-prefix": {},
        "globals": {},
        "globby": {},
        "globjoin": {},
        "globule": {
          "dependencies": {
            "lodash": {}
          }
        },
        "glogg": {},
        "graceful-fs": {},
        "graceful-readlink": {},
        "gulp": {
          "version": "git://github.com/gulpjs/gulp.git#3f5aba28718dc19e4bf600fb88f128158ff2ff83",
          "dependencies": {
            "camelcase": {},
            "gulp-cli": {},
            "lodash.isplainobject": {},
            "yargs": {}
          }
        },
        "gulp-sass": {
          "dependencies": {
            "lodash.clonedeep": {}
          }
        },
        "gulp-sourcemaps": {},
        "gulp-stylelint": {
          "dependencies": {
            "balanced-match": {},
            "get-stdin": {},
            "glob": {},
            "globby": {},
            "resolve-from": {},
            "stylelint": {}
          }
        },
        "gulp-util": {
          "dependencies": {
            "minimist": {},
            "object-assign": {},
            "vinyl": {}
          }
        },
        "gulplog": {},
        "handlebars": {
          "dependencies": {
            "source-map": {}
          }
        },
        "har-validator": {},
        "has-ansi": {},
        "has-binary": {
          "dependencies": {
            "isarray": {}
          }
        },
        "has-cors": {},
        "has-flag": {},
        "has-gulplog": {},
        "has-unicode": {},
        "hawk": {},
        "hoek": {},
        "home-or-tmp": {},
        "homedir-polyfill": {},
        "hosted-git-info": {},
        "html-tags": {},
        "htmlparser2": {},
        "http-errors": {},
        "http-proxy": {},
        "http-signature": {},
        "ignore": {},
        "immutable": {},
        "imurmurhash": {},
        "in-publish": {},
        "indent-string": {},
        "indexes-of": {},
        "indexof": {},
        "inflight": {},
        "inherits": {},
        "ini": {},
        "inquirer": {},
        "interpret": {},
        "invariant": {},
        "invert-kv": {},
        "irregular-plurals": {},
        "is-absolute": {},
        "is-arrayish": {},
        "is-binary-path": {},
        "is-buffer": {},
        "is-builtin-module": {},
        "is-css-color-name": {
          "dependencies": {
            "css-color-names": {}
          }
        },
        "is-dotfile": {},
        "is-equal-shallow": {},
        "is-extendable": {},
        "is-extglob": {},
        "is-finite": {},
        "is-fullwidth-code-point": {},
        "is-glob": {},
        "is-my-json-valid": {},
        "is-number": {},
        "is-number-like": {},
        "is-path-cwd": {},
        "is-path-in-cwd": {},
        "is-path-inside": {},
        "is-plain-object": {
          "dependencies": {
            "isobject": {}
          }
        },
        "is-posix-bracket": {},
        "is-primitive": {},
        "is-promise": {},
        "is-property": {},
        "is-regexp": {},
        "is-relative": {},
        "is-resolvable": {},
        "is-stream": {},
        "is-supported-regexp-flag": {},
        "is-typedarray": {},
        "is-unc-path": {},
        "is-utf8": {},
        "is-valid-glob": {},
        "is-windows": {},
        "isarray": {},
        "isexe": {},
        "isobject": {},
        "isstream": {},
        "jodid25519": {},
        "jquery": {},
        "js-base64": {},
        "js-tokens": {},
        "js-yaml": {},
        "jsbn": {},
        "jsesc": {},
        "json-schema": {},
        "json-stable-stringify": {},
        "json-stringify-safe": {},
        "json3": {},
        "json5": {},
        "jsonfile": {},
        "jsonfilter": {
          "dependencies": {
            "isarray": {},
            "minimist": {},
            "readable-stream": {},
            "through2": {}
          }
        },
        "jsonify": {},
        "jsonparse": {},
        "jsonpointer": {},
        "JSONStream": {},
        "jsprim": {
          "dependencies": {
            "assert-plus": {}
          }
        },
        "jsx-ast-utils": {},
        "kind-of": {},
        "klaw": {},
        "known-css-properties": {},
        "last-run": {},
        "lazy-cache": {},
        "lazystream": {},
        "lcid": {},
        "ldjson-stream": {
          "dependencies": {
            "isarray": {},
            "readable-stream": {},
            "through2": {}
          }
        },
        "levn": {},
        "liftoff": {
          "dependencies": {
            "lodash.isplainobject": {}
          }
        },
        "limiter": {},
        "load-json-file": {},
        "localtunnel": {
          "dependencies": {
            "debug": {},
            "ms": {},
            "yargs": {}
          }
        },
        "lodash": {},
        "lodash._arraycopy": {},
        "lodash._arrayeach": {},
        "lodash._arraymap": {},
        "lodash._baseassign": {},
        "lodash._baseclone": {},
        "lodash._basecopy": {},
        "lodash._basedifference": {},
        "lodash._baseflatten": {},
        "lodash._basefor": {},
        "lodash._baseindexof": {},
        "lodash._basetostring": {},
        "lodash._basevalues": {},
        "lodash._bindcallback": {},
        "lodash._cacheindexof": {},
        "lodash._createassigner": {},
        "lodash._createcache": {},
        "lodash._getnative": {},
        "lodash._isiterateecall": {},
        "lodash._pickbyarray": {},
        "lodash._pickbycallback": {},
        "lodash._reescape": {},
        "lodash._reevaluate": {},
        "lodash._reinterpolate": {},
        "lodash._root": {},
        "lodash.assign": {},
        "lodash.assignin": {},
        "lodash.assignwith": {},
        "lodash.bind": {},
        "lodash.clonedeep": {},
        "lodash.debounce": {},
        "lodash.defaults": {},
        "lodash.escape": {},
        "lodash.filter": {},
        "lodash.flatten": {},
        "lodash.foreach": {},
        "lodash.isarguments": {},
        "lodash.isarray": {},
        "lodash.isempty": {},
        "lodash.isequal": {},
        "lodash.isfinite": {},
        "lodash.isfunction": {},
        "lodash.isplainobject": {},
        "lodash.isstring": {},
        "lodash.istypedarray": {},
        "lodash.keys": {},
        "lodash.keysin": {},
        "lodash.map": {},
        "lodash.mapvalues": {},
        "lodash.merge": {},
        "lodash.omit": {},
        "lodash.pad": {},
        "lodash.padend": {},
        "lodash.padstart": {},
        "lodash.pick": {},
        "lodash.pickby": {},
        "lodash.reduce": {},
        "lodash.reject": {},
        "lodash.restparam": {},
        "lodash.some": {},
        "lodash.sortby": {},
        "lodash.template": {},
        "lodash.templatesettings": {},
        "lodash.toplainobject": {},
        "log-symbols": {},
        "longest": {},
        "loose-envify": {},
        "loud-rejection": {},
        "lru-cache": {},
        "magic-string": {},
        "make-iterator": {},
        "map-cache": {},
        "map-obj": {},
        "map-stream": {},
        "matchdep": {
          "dependencies": {
            "findup-sync": {},
            "glob": {},
            "resolve": {}
          }
        },
        "meow": {
          "dependencies": {
            "minimist": {}
          }
        },
        "merge": {},
        "merge-stream": {},
        "micromatch": {},
        "mime": {},
        "mime-db": {},
        "mime-types": {},
        "minimatch": {},
        "minimist": {},
        "mkdirp": {},
        "ms": {},
        "multimatch": {},
        "multipipe": {},
        "mute-stdout": {},
        "mute-stream": {},
        "nan": {},
        "negotiator": {},
        "nerf-dart": {},
        "next-tick": {},
        "node-gyp": {},
        "node-sass": {
          "dependencies": {
            "lodash.clonedeep": {}
          }
        },
        "node-uuid": {},
        "nopt": {},
        "normalize-package-data": {},
        "normalize-path": {},
        "normalize-range": {},
        "normalize-selector": {},
        "normalize.css": {
          "version": "4.2.0",
          "bundled": true
        },
        "now-and-later": {},
        "npm-package-arg": {},
        "npm-registry-client": {},
        "npmconf": {
          "dependencies": {
            "once": {},
            "semver": {}
          }
        },
        "npmlog": {},
        "nth-check": {},
        "num2fraction": {},
        "number-is-nan": {},
        "oauth-sign": {},
        "object-assign": {},
        "object-component": {},
        "object-path": {},
        "object.defaults": {
          "dependencies": {
            "array-each": {},
            "isobject": {}
          }
        },
        "object.omit": {},
        "object.reduce": {},
        "on-finished": {},
        "once": {},
        "onecolor": {},
        "onetime": {},
        "openurl": {},
        "opn": {},
        "optimist": {
          "dependencies": {
            "wordwrap": {}
          }
        },
        "optionator": {},
        "options": {},
        "ordered-read-streams": {},
        "os-homedir": {},
        "os-locale": {},
        "os-shim": {},
        "os-tmpdir": {},
        "osenv": {},
        "pad-right": {},
        "parse-filepath": {},
        "parse-glob": {},
        "parse-json": {},
        "parse-passwd": {},
        "parsejson": {},
        "parseqs": {},
        "parseuri": {},
        "parseurl": {},
        "path-dirname": {},
        "path-exists": {},
        "path-is-absolute": {},
        "path-is-inside": {},
        "path-object": {
          "dependencies": {
            "lodash.assign": {}
          }
        },
        "path-parse": {},
        "path-root": {},
        "path-root-regex": {},
        "path-type": {},
        "pause-stream": {},
        "pify": {},
        "pinkie": {},
        "pinkie-promise": {},
        "pipetteur": {},
        "plur": {},
        "pluralize": {},
        "portscanner": {},
        "postcss": {
          "dependencies": {
            "supports-color": {}
          }
        },
        "postcss-less": {},
        "postcss-media-query-parser": {},
        "postcss-reporter": {},
        "postcss-resolve-nested-selector": {},
        "postcss-scss": {},
        "postcss-selector-parser": {},
        "postcss-value-parser": {},
        "prelude-ls": {},
        "preserve": {},
        "pretty-hrtime": {},
        "private": {},
        "process-nextick-args": {},
        "progress": {},
        "promise": {},
        "proto-list": {},
        "pseudomap": {},
        "punycode": {},
        "qs": {},
        "randomatic": {},
        "range-parser": {},
        "read-file-stdin": {},
        "read-pkg": {},
        "read-pkg-up": {},
        "readable-stream": {},
        "readdirp": {},
        "readline2": {},
        "rechoir": {},
        "redent": {},
        "regenerate": {},
        "regenerator-runtime": {},
        "regenerator-transform": {},
        "regex-cache": {},
        "regexpu-core": {},
        "regjsgen": {},
        "regjsparser": {},
        "remove-trailing-separator": {},
        "repeat-element": {},
        "repeat-string": {},
        "repeating": {},
        "replace-ext": {},
        "request": {
          "dependencies": {
            "qs": {}
          }
        },
        "request-promise": {},
        "request-promise-core": {},
        "require-directory": {},
        "require-from-string": {},
        "require-main-filename": {},
        "require-relative": {},
        "require-uncached": {},
        "requires-port": {},
        "resolve": {},
        "resolve-dir": {},
        "resolve-from": {},
        "resp-modifier": {},
        "restore-cursor": {},
        "retry": {},
        "right-align": {},
        "right-pad": {},
        "rimraf": {},
        "run-async": {},
        "run-auto": {},
        "run-series": {},
        "rx": {},
        "rx-lite": {},
        "sass-graph": {
          "dependencies": {
            "camelcase": {},
            "window-size": {},
            "yargs": {},
            "yargs-parser": {}
          }
        },
        "semantic-release": {},
        "semver": {},
        "semver-greatest-satisfied-range": {
          "dependencies": {
            "semver": {}
          }
        },
        "semver-regex": {},
        "send": {
          "dependencies": {
            "debug": {},
            "etag": {},
            "mime": {},
            "ms": {}
          }
        },
        "serve-index": {
          "dependencies": {
            "debug": {},
            "ms": {}
          }
        },
        "serve-static": {},
        "server-destroy": {},
        "set-blocking": {},
        "set-immediate-shim": {},
        "setprototypeof": {},
        "shelljs": {},
        "signal-exit": {},
        "slash": {},
        "slice-ansi": {},
        "slide": {},
        "sntp": {},
        "socket.io": {
          "dependencies": {
            "debug": {},
            "object-assign": {}
          }
        },
        "socket.io-adapter": {
          "dependencies": {
            "debug": {}
          }
        },
        "socket.io-client": {
          "dependencies": {
            "component-emitter": {},
            "debug": {}
          }
        },
        "socket.io-parser": {
          "dependencies": {
            "debug": {},
            "isarray": {},
            "ms": {}
          }
        },
        "source-map": {},
        "source-map-support": {},
        "sparkles": {},
        "spawn-sync": {},
        "spdx-correct": {},
        "spdx-expression-parse": {},
        "spdx-license-ids": {},
        "specificity": {},
        "split": {},
        "split2": {
          "dependencies": {
            "isarray": {},
            "readable-stream": {},
            "through2": {}
          }
        },
        "sprintf-js": {},
        "sshpk": {
          "dependencies": {
            "assert-plus": {}
          }
        },
        "stack-trace": {},
        "statuses": {},
        "stealthy-require": {},
        "stream-combiner": {},
        "stream-exhaust": {},
        "stream-shift": {},
        "stream-throttle": {},
        "string_decoder": {},
        "string-width": {},
        "stringstream": {},
        "strip-ansi": {},
        "strip-bom": {},
        "strip-bom-stream": {},
        "strip-indent": {},
        "strip-json-comments": {},
        "style-search": {},
        "stylehacks": {
          "dependencies": {
            "minimist": {},
            "postcss-selector-parser": {}
          }
        },
        "stylelint": {
          "dependencies": {
            "cosmiconfig": {},
            "get-stdin": {},
            "globby": {},
            "is-fullwidth-code-point": {},
            "minimist": {},
            "postcss-less": {},
            "postcss-reporter": {},
            "postcss-scss": {},
            "postcss-selector-parser": {},
            "resolve-from": {},
            "specificity": {},
            "string-width": {},
            "sugarss": {},
            "table": {}
          }
        },
        "sugarss": {},
        "supports-color": {},
        "svg-tags": {},
        "synesthesia": {},
        "table": {
          "dependencies": {
            "is-fullwidth-code-point": {},
            "string-width": {}
          }
        },
        "tar": {},
        "tether": {},
        "text-table": {},
        "tfunk": {},
        "through": {},
        "through2": {},
        "through2-filter": {},
        "tildify": {},
        "time-stamp": {},
        "tmp": {},
        "to-absolute-glob": {},
        "to-array": {},
        "to-fast-properties": {},
        "tough-cookie": {},
        "travis-ci": {
          "dependencies": {
            "async": {
              "dependencies": {
                "lodash": {}
              }
            },
            "form-data": {},
            "github": {},
            "lodash": {},
            "request": {},
            "underscore.string": {
              "version": "2.2.1",
              "resolved": "https://registry.npmjs.org/underscore.string/-/underscore.string-2.2.1.tgz",
              "integrity": "sha1-18D6KvXVoaZ/QlPa7pgTLnM/Dxk="
            }
          }
        },
        "travis-deploy-once": {},
        "trim-newlines": {},
        "trim-right": {},
        "tryit": {},
        "tunnel-agent": {},
        "tweetnacl": {},
        "type-check": {},
        "typedarray": {},
        "ua-parser-js": {},
        "uglify-js": {
          "dependencies": {
            "cliui": {},
            "window-size": {},
            "wordwrap": {},
            "yargs": {}
          }
        },
        "uglify-to-browserify": {},
        "uid-number": {},
        "ultron": {},
        "unc-path-regex": {},
        "underscore": {},
        "undertaker": {},
        "undertaker-registry": {},
        "uniq": {},
        "unique-stream": {},
        "unpipe": {},
        "user-home": {},
        "util-deprecate": {},
        "utils-merge": {},
        "v8flags": {
          "dependencies": {
            "user-home": {}
          }
        },
        "vali-date": {},
        "validate-npm-package-license": {},
        "verror": {},
        "vinyl": {},
        "vinyl-fs": {},
        "vinyl-sourcemaps-apply": {},
        "vlq": {},
        "walk": {},
        "weinre": {},
        "which": {},
        "which-module": {},
        "wide-align": {},
        "window-size": {},
        "word-wrap": {},
        "wordwrap": {},
        "wrap-ansi": {},
        "wrappy": {},
        "wreck": {},
        "write": {},
        "write-file-stdout": {},
        "ws": {},
        "wtf-8": {},
        "xml-escape": {},
        "xmlhttprequest-ssl": {},
        "xtend": {},
        "y18n": {},
        "yallist": {},
        "yargs": {
          "dependencies": {
            "camelcase": {},
            "window-size": {}
          }
        },
        "yargs-parser": {
          "dependencies": {
            "camelcase": {}
          }
        },
        "yeast": {}
      }
    }
  }
}
